
Microsoft Visual Studio Solution File, Format Version 12.00
# Visual Studio 15
VisualStudioVersion = 15.0.28307.852
MinimumVisualStudioVersion = 10.0.40219.1
Project("{8BC9CEB8-8B4A-11D0-8D11-00A0C91BC942}") = "AVLTreeBookExample", "AVLTreeBookExample\AVLTreeBookExample.vcxproj", "{7171FDAB-6267-4B86-8740-72C73892AEC4}"
EndProject
Global
	GlobalSection(SolutionConfigurationPlatforms) = preSolution
		Debug|x64 = Debug|x64
		Debug|x86 = Debug|x86
		Release|x64 = Release|x64
		Release|x86 = Release|x86
	EndGlobalSection
	GlobalSection(ProjectConfigurationPlatforms) = postSolution
		{7171FDAB-6267-4B86-8740-72C73892AEC4}.Debug|x64.ActiveCfg = Debug|x64
		{7171FDAB-6267-4B86-8740-72C73892AEC4}.Debug|x64.Build.0 = Debug|x64
		{7171FDAB-6267-4B86-8740-72C73892AEC4}.Debug|x86.ActiveCfg = Debug|Win32
		{7171FDAB-6267-4B86-8740-72C73892AEC4}.Debug|x86.Build.0 = Debug|Win32
		{7171FDAB-6267-4B86-8740-72C73892AEC4}.Release|x64.ActiveCfg = Release|x64
		{7171FDAB-6267-4B86-8740-72C73892AEC4}.Release|x64.Build.0 = Release|x64
		{7171FDAB-6267-4B86-8740-72C73892AEC4}.Release|x86.ActiveCfg = Release|Win32
		{7171FDAB-6267-4B86-8740-72C73892AEC4}.Release|x86.Build.0 = Release|Win32
	EndGlobalSection
	GlobalSection(SolutionProperties) = preSolution
		HideSolutionNode = FALSE
	EndGlobalSection
	GlobalSection(ExtensibilityGlobals) = postSolution
		SolutionGuid = {FA495A8C-78DB-47D8-B513-97168AC95045}
	EndGlobalSection
EndGlobal
