
Microsoft Visual Studio Solution File, Format Version 12.00
# Visual Studio 15
VisualStudioVersion = 15.0.28307.852
MinimumVisualStudioVersion = 10.0.40219.1
Project("{8BC9CEB8-8B4A-11D0-8D11-00A0C91BC942}") = "ConstructBSTfromPreOrder", "ConstructBSTfromPreOrder\ConstructBSTfromPreOrder.vcxproj", "{3B50545C-8457-400E-8CC0-350F34817658}"
EndProject
Global
	GlobalSection(SolutionConfigurationPlatforms) = preSolution
		Debug|x64 = Debug|x64
		Debug|x86 = Debug|x86
		Release|x64 = Release|x64
		Release|x86 = Release|x86
	EndGlobalSection
	GlobalSection(ProjectConfigurationPlatforms) = postSolution
		{3B50545C-8457-400E-8CC0-350F34817658}.Debug|x64.ActiveCfg = Debug|x64
		{3B50545C-8457-400E-8CC0-350F34817658}.Debug|x64.Build.0 = Debug|x64
		{3B50545C-8457-400E-8CC0-350F34817658}.Debug|x86.ActiveCfg = Debug|Win32
		{3B50545C-8457-400E-8CC0-350F34817658}.Debug|x86.Build.0 = Debug|Win32
		{3B50545C-8457-400E-8CC0-350F34817658}.Release|x64.ActiveCfg = Release|x64
		{3B50545C-8457-400E-8CC0-350F34817658}.Release|x64.Build.0 = Release|x64
		{3B50545C-8457-400E-8CC0-350F34817658}.Release|x86.ActiveCfg = Release|Win32
		{3B50545C-8457-400E-8CC0-350F34817658}.Release|x86.Build.0 = Release|Win32
	EndGlobalSection
	GlobalSection(SolutionProperties) = preSolution
		HideSolutionNode = FALSE
	EndGlobalSection
	GlobalSection(ExtensibilityGlobals) = postSolution
		SolutionGuid = {C69B9C4D-1598-43DE-A26D-3DD21FABCB62}
	EndGlobalSection
EndGlobal
