
Microsoft Visual Studio Solution File, Format Version 12.00
# Visual Studio 15
VisualStudioVersion = 15.0.28307.136
MinimumVisualStudioVersion = 10.0.40219.1
Project("{8BC9CEB8-8B4A-11D0-8D11-00A0C91BC942}") = "GizemGuler1", "GizemGuler\GizemGuler.vcxproj", "{078068A7-2E06-4F41-855A-8A7E29CC8F59}"
EndProject
Project("{8BC9CEB8-8B4A-11D0-8D11-00A0C91BC942}") = "GizemGuler2", "GizemGuler2\GizemGuler2.vcxproj", "{BBD78F2C-1C84-45F9-89A9-A7D79054F657}"
EndProject
Project("{8BC9CEB8-8B4A-11D0-8D11-00A0C91BC942}") = "UgurInalwithArray", "UgurInalwithArray\UgurInalwithArray.vcxproj", "{AB4550E1-DA53-43FD-A0B1-4EEF5001B0D3}"
EndProject
Project("{8BC9CEB8-8B4A-11D0-8D11-00A0C91BC942}") = "UgurInalwithLL", "UgurInalwithLL\UgurInalwithLL.vcxproj", "{EA2BB5FD-09D1-4A00-92AA-0E9DBA64840B}"
EndProject
Project("{8BC9CEB8-8B4A-11D0-8D11-00A0C91BC942}") = "SamiHeybet", "SamiHeybet\SamiHeybet.vcxproj", "{A538D7E8-E097-43A7-9D67-925CB23E5D35}"
EndProject
Project("{8BC9CEB8-8B4A-11D0-8D11-00A0C91BC942}") = "EnesBerkeInal", "EnesBerkeInal\EnesBerkeInal.vcxproj", "{7BE95DC8-6715-405C-845A-10F99A73EED5}"
EndProject
Project("{8BC9CEB8-8B4A-11D0-8D11-00A0C91BC942}") = "EnesKaraman", "EnesKaraman\EnesKaraman.vcxproj", "{345D5149-810A-40F3-8215-7DA82A4D271E}"
EndProject
Project("{8BC9CEB8-8B4A-11D0-8D11-00A0C91BC942}") = "SalihKurtdereli", "SalihKurtdereli\SalihKurtdereli.vcxproj", "{A3A324F8-BDF8-4A5E-9D7D-2CF612128AA3}"
EndProject
Project("{8BC9CEB8-8B4A-11D0-8D11-00A0C91BC942}") = "BerkcanDemir", "BerkcanDemir\BerkcanDemir.vcxproj", "{51F68FCC-135A-4D8F-B685-0E4754DC2389}"
EndProject
Project("{8BC9CEB8-8B4A-11D0-8D11-00A0C91BC942}") = "IbrahimAlkanatri", "IbrahimAlkanatri\IbrahimAlkanatri.vcxproj", "{A8285BBD-81E4-4808-952B-FB406F650408}"
EndProject
Project("{8BC9CEB8-8B4A-11D0-8D11-00A0C91BC942}") = "ElifCansuSaglam", "ElifCansuSaglam\ElifCansuSaglam.vcxproj", "{730DEA40-09FF-4F95-B62C-2B1B6AD08D5C}"
EndProject
Project("{8BC9CEB8-8B4A-11D0-8D11-00A0C91BC942}") = "EdaNurCoskun", "EdaNurCoskun\EdaNurCoskun.vcxproj", "{96FF5FDB-6D3B-4C70-9F90-18C3FE804EB8}"
EndProject
Project("{8BC9CEB8-8B4A-11D0-8D11-00A0C91BC942}") = "YarenDonmez", "YarenDonmez\YarenDonmez.vcxproj", "{04064E0F-26F2-47D5-90C2-123E4C3374FF}"
EndProject
Project("{8BC9CEB8-8B4A-11D0-8D11-00A0C91BC942}") = "ismetSancakliLL", "ismetSancakliLL\ismetSancakliLL.vcxproj", "{36178990-024D-4772-9472-7812A6C42E4D}"
EndProject
Project("{8BC9CEB8-8B4A-11D0-8D11-00A0C91BC942}") = "ismetSancakli", "ismetSancakli\ismetSancakli.vcxproj", "{C3A61146-DBD4-42A4-B550-05024FCFE07D}"
EndProject
Global
	GlobalSection(SolutionConfigurationPlatforms) = preSolution
		Debug|x64 = Debug|x64
		Debug|x86 = Debug|x86
		Release|x64 = Release|x64
		Release|x86 = Release|x86
	EndGlobalSection
	GlobalSection(ProjectConfigurationPlatforms) = postSolution
		{078068A7-2E06-4F41-855A-8A7E29CC8F59}.Debug|x64.ActiveCfg = Debug|x64
		{078068A7-2E06-4F41-855A-8A7E29CC8F59}.Debug|x64.Build.0 = Debug|x64
		{078068A7-2E06-4F41-855A-8A7E29CC8F59}.Debug|x86.ActiveCfg = Debug|Win32
		{078068A7-2E06-4F41-855A-8A7E29CC8F59}.Debug|x86.Build.0 = Debug|Win32
		{078068A7-2E06-4F41-855A-8A7E29CC8F59}.Release|x64.ActiveCfg = Release|x64
		{078068A7-2E06-4F41-855A-8A7E29CC8F59}.Release|x64.Build.0 = Release|x64
		{078068A7-2E06-4F41-855A-8A7E29CC8F59}.Release|x86.ActiveCfg = Release|Win32
		{078068A7-2E06-4F41-855A-8A7E29CC8F59}.Release|x86.Build.0 = Release|Win32
		{BBD78F2C-1C84-45F9-89A9-A7D79054F657}.Debug|x64.ActiveCfg = Debug|x64
		{BBD78F2C-1C84-45F9-89A9-A7D79054F657}.Debug|x64.Build.0 = Debug|x64
		{BBD78F2C-1C84-45F9-89A9-A7D79054F657}.Debug|x86.ActiveCfg = Debug|Win32
		{BBD78F2C-1C84-45F9-89A9-A7D79054F657}.Debug|x86.Build.0 = Debug|Win32
		{BBD78F2C-1C84-45F9-89A9-A7D79054F657}.Release|x64.ActiveCfg = Release|x64
		{BBD78F2C-1C84-45F9-89A9-A7D79054F657}.Release|x64.Build.0 = Release|x64
		{BBD78F2C-1C84-45F9-89A9-A7D79054F657}.Release|x86.ActiveCfg = Release|Win32
		{BBD78F2C-1C84-45F9-89A9-A7D79054F657}.Release|x86.Build.0 = Release|Win32
		{AB4550E1-DA53-43FD-A0B1-4EEF5001B0D3}.Debug|x64.ActiveCfg = Debug|x64
		{AB4550E1-DA53-43FD-A0B1-4EEF5001B0D3}.Debug|x64.Build.0 = Debug|x64
		{AB4550E1-DA53-43FD-A0B1-4EEF5001B0D3}.Debug|x86.ActiveCfg = Debug|Win32
		{AB4550E1-DA53-43FD-A0B1-4EEF5001B0D3}.Debug|x86.Build.0 = Debug|Win32
		{AB4550E1-DA53-43FD-A0B1-4EEF5001B0D3}.Release|x64.ActiveCfg = Release|x64
		{AB4550E1-DA53-43FD-A0B1-4EEF5001B0D3}.Release|x64.Build.0 = Release|x64
		{AB4550E1-DA53-43FD-A0B1-4EEF5001B0D3}.Release|x86.ActiveCfg = Release|Win32
		{AB4550E1-DA53-43FD-A0B1-4EEF5001B0D3}.Release|x86.Build.0 = Release|Win32
		{EA2BB5FD-09D1-4A00-92AA-0E9DBA64840B}.Debug|x64.ActiveCfg = Debug|x64
		{EA2BB5FD-09D1-4A00-92AA-0E9DBA64840B}.Debug|x64.Build.0 = Debug|x64
		{EA2BB5FD-09D1-4A00-92AA-0E9DBA64840B}.Debug|x86.ActiveCfg = Debug|Win32
		{EA2BB5FD-09D1-4A00-92AA-0E9DBA64840B}.Debug|x86.Build.0 = Debug|Win32
		{EA2BB5FD-09D1-4A00-92AA-0E9DBA64840B}.Release|x64.ActiveCfg = Release|x64
		{EA2BB5FD-09D1-4A00-92AA-0E9DBA64840B}.Release|x64.Build.0 = Release|x64
		{EA2BB5FD-09D1-4A00-92AA-0E9DBA64840B}.Release|x86.ActiveCfg = Release|Win32
		{EA2BB5FD-09D1-4A00-92AA-0E9DBA64840B}.Release|x86.Build.0 = Release|Win32
		{A538D7E8-E097-43A7-9D67-925CB23E5D35}.Debug|x64.ActiveCfg = Debug|x64
		{A538D7E8-E097-43A7-9D67-925CB23E5D35}.Debug|x64.Build.0 = Debug|x64
		{A538D7E8-E097-43A7-9D67-925CB23E5D35}.Debug|x86.ActiveCfg = Debug|Win32
		{A538D7E8-E097-43A7-9D67-925CB23E5D35}.Debug|x86.Build.0 = Debug|Win32
		{A538D7E8-E097-43A7-9D67-925CB23E5D35}.Release|x64.ActiveCfg = Release|x64
		{A538D7E8-E097-43A7-9D67-925CB23E5D35}.Release|x64.Build.0 = Release|x64
		{A538D7E8-E097-43A7-9D67-925CB23E5D35}.Release|x86.ActiveCfg = Release|Win32
		{A538D7E8-E097-43A7-9D67-925CB23E5D35}.Release|x86.Build.0 = Release|Win32
		{7BE95DC8-6715-405C-845A-10F99A73EED5}.Debug|x64.ActiveCfg = Debug|x64
		{7BE95DC8-6715-405C-845A-10F99A73EED5}.Debug|x64.Build.0 = Debug|x64
		{7BE95DC8-6715-405C-845A-10F99A73EED5}.Debug|x86.ActiveCfg = Debug|Win32
		{7BE95DC8-6715-405C-845A-10F99A73EED5}.Debug|x86.Build.0 = Debug|Win32
		{7BE95DC8-6715-405C-845A-10F99A73EED5}.Release|x64.ActiveCfg = Release|x64
		{7BE95DC8-6715-405C-845A-10F99A73EED5}.Release|x64.Build.0 = Release|x64
		{7BE95DC8-6715-405C-845A-10F99A73EED5}.Release|x86.ActiveCfg = Release|Win32
		{7BE95DC8-6715-405C-845A-10F99A73EED5}.Release|x86.Build.0 = Release|Win32
		{345D5149-810A-40F3-8215-7DA82A4D271E}.Debug|x64.ActiveCfg = Debug|x64
		{345D5149-810A-40F3-8215-7DA82A4D271E}.Debug|x64.Build.0 = Debug|x64
		{345D5149-810A-40F3-8215-7DA82A4D271E}.Debug|x86.ActiveCfg = Debug|Win32
		{345D5149-810A-40F3-8215-7DA82A4D271E}.Debug|x86.Build.0 = Debug|Win32
		{345D5149-810A-40F3-8215-7DA82A4D271E}.Release|x64.ActiveCfg = Release|x64
		{345D5149-810A-40F3-8215-7DA82A4D271E}.Release|x64.Build.0 = Release|x64
		{345D5149-810A-40F3-8215-7DA82A4D271E}.Release|x86.ActiveCfg = Release|Win32
		{345D5149-810A-40F3-8215-7DA82A4D271E}.Release|x86.Build.0 = Release|Win32
		{A3A324F8-BDF8-4A5E-9D7D-2CF612128AA3}.Debug|x64.ActiveCfg = Debug|x64
		{A3A324F8-BDF8-4A5E-9D7D-2CF612128AA3}.Debug|x64.Build.0 = Debug|x64
		{A3A324F8-BDF8-4A5E-9D7D-2CF612128AA3}.Debug|x86.ActiveCfg = Debug|Win32
		{A3A324F8-BDF8-4A5E-9D7D-2CF612128AA3}.Debug|x86.Build.0 = Debug|Win32
		{A3A324F8-BDF8-4A5E-9D7D-2CF612128AA3}.Release|x64.ActiveCfg = Release|x64
		{A3A324F8-BDF8-4A5E-9D7D-2CF612128AA3}.Release|x64.Build.0 = Release|x64
		{A3A324F8-BDF8-4A5E-9D7D-2CF612128AA3}.Release|x86.ActiveCfg = Release|Win32
		{A3A324F8-BDF8-4A5E-9D7D-2CF612128AA3}.Release|x86.Build.0 = Release|Win32
		{51F68FCC-135A-4D8F-B685-0E4754DC2389}.Debug|x64.ActiveCfg = Debug|x64
		{51F68FCC-135A-4D8F-B685-0E4754DC2389}.Debug|x64.Build.0 = Debug|x64
		{51F68FCC-135A-4D8F-B685-0E4754DC2389}.Debug|x86.ActiveCfg = Debug|Win32
		{51F68FCC-135A-4D8F-B685-0E4754DC2389}.Debug|x86.Build.0 = Debug|Win32
		{51F68FCC-135A-4D8F-B685-0E4754DC2389}.Release|x64.ActiveCfg = Release|x64
		{51F68FCC-135A-4D8F-B685-0E4754DC2389}.Release|x64.Build.0 = Release|x64
		{51F68FCC-135A-4D8F-B685-0E4754DC2389}.Release|x86.ActiveCfg = Release|Win32
		{51F68FCC-135A-4D8F-B685-0E4754DC2389}.Release|x86.Build.0 = Release|Win32
		{A8285BBD-81E4-4808-952B-FB406F650408}.Debug|x64.ActiveCfg = Debug|x64
		{A8285BBD-81E4-4808-952B-FB406F650408}.Debug|x64.Build.0 = Debug|x64
		{A8285BBD-81E4-4808-952B-FB406F650408}.Debug|x86.ActiveCfg = Debug|Win32
		{A8285BBD-81E4-4808-952B-FB406F650408}.Debug|x86.Build.0 = Debug|Win32
		{A8285BBD-81E4-4808-952B-FB406F650408}.Release|x64.ActiveCfg = Release|x64
		{A8285BBD-81E4-4808-952B-FB406F650408}.Release|x64.Build.0 = Release|x64
		{A8285BBD-81E4-4808-952B-FB406F650408}.Release|x86.ActiveCfg = Release|Win32
		{A8285BBD-81E4-4808-952B-FB406F650408}.Release|x86.Build.0 = Release|Win32
		{730DEA40-09FF-4F95-B62C-2B1B6AD08D5C}.Debug|x64.ActiveCfg = Debug|x64
		{730DEA40-09FF-4F95-B62C-2B1B6AD08D5C}.Debug|x64.Build.0 = Debug|x64
		{730DEA40-09FF-4F95-B62C-2B1B6AD08D5C}.Debug|x86.ActiveCfg = Debug|Win32
		{730DEA40-09FF-4F95-B62C-2B1B6AD08D5C}.Debug|x86.Build.0 = Debug|Win32
		{730DEA40-09FF-4F95-B62C-2B1B6AD08D5C}.Release|x64.ActiveCfg = Release|x64
		{730DEA40-09FF-4F95-B62C-2B1B6AD08D5C}.Release|x64.Build.0 = Release|x64
		{730DEA40-09FF-4F95-B62C-2B1B6AD08D5C}.Release|x86.ActiveCfg = Release|Win32
		{730DEA40-09FF-4F95-B62C-2B1B6AD08D5C}.Release|x86.Build.0 = Release|Win32
		{96FF5FDB-6D3B-4C70-9F90-18C3FE804EB8}.Debug|x64.ActiveCfg = Debug|x64
		{96FF5FDB-6D3B-4C70-9F90-18C3FE804EB8}.Debug|x64.Build.0 = Debug|x64
		{96FF5FDB-6D3B-4C70-9F90-18C3FE804EB8}.Debug|x86.ActiveCfg = Debug|Win32
		{96FF5FDB-6D3B-4C70-9F90-18C3FE804EB8}.Debug|x86.Build.0 = Debug|Win32
		{96FF5FDB-6D3B-4C70-9F90-18C3FE804EB8}.Release|x64.ActiveCfg = Release|x64
		{96FF5FDB-6D3B-4C70-9F90-18C3FE804EB8}.Release|x64.Build.0 = Release|x64
		{96FF5FDB-6D3B-4C70-9F90-18C3FE804EB8}.Release|x86.ActiveCfg = Release|Win32
		{96FF5FDB-6D3B-4C70-9F90-18C3FE804EB8}.Release|x86.Build.0 = Release|Win32
		{04064E0F-26F2-47D5-90C2-123E4C3374FF}.Debug|x64.ActiveCfg = Debug|x64
		{04064E0F-26F2-47D5-90C2-123E4C3374FF}.Debug|x64.Build.0 = Debug|x64
		{04064E0F-26F2-47D5-90C2-123E4C3374FF}.Debug|x86.ActiveCfg = Debug|Win32
		{04064E0F-26F2-47D5-90C2-123E4C3374FF}.Debug|x86.Build.0 = Debug|Win32
		{04064E0F-26F2-47D5-90C2-123E4C3374FF}.Release|x64.ActiveCfg = Release|x64
		{04064E0F-26F2-47D5-90C2-123E4C3374FF}.Release|x64.Build.0 = Release|x64
		{04064E0F-26F2-47D5-90C2-123E4C3374FF}.Release|x86.ActiveCfg = Release|Win32
		{04064E0F-26F2-47D5-90C2-123E4C3374FF}.Release|x86.Build.0 = Release|Win32
		{36178990-024D-4772-9472-7812A6C42E4D}.Debug|x64.ActiveCfg = Debug|x64
		{36178990-024D-4772-9472-7812A6C42E4D}.Debug|x64.Build.0 = Debug|x64
		{36178990-024D-4772-9472-7812A6C42E4D}.Debug|x86.ActiveCfg = Debug|Win32
		{36178990-024D-4772-9472-7812A6C42E4D}.Debug|x86.Build.0 = Debug|Win32
		{36178990-024D-4772-9472-7812A6C42E4D}.Release|x64.ActiveCfg = Release|x64
		{36178990-024D-4772-9472-7812A6C42E4D}.Release|x64.Build.0 = Release|x64
		{36178990-024D-4772-9472-7812A6C42E4D}.Release|x86.ActiveCfg = Release|Win32
		{36178990-024D-4772-9472-7812A6C42E4D}.Release|x86.Build.0 = Release|Win32
		{C3A61146-DBD4-42A4-B550-05024FCFE07D}.Debug|x64.ActiveCfg = Debug|x64
		{C3A61146-DBD4-42A4-B550-05024FCFE07D}.Debug|x64.Build.0 = Debug|x64
		{C3A61146-DBD4-42A4-B550-05024FCFE07D}.Debug|x86.ActiveCfg = Debug|Win32
		{C3A61146-DBD4-42A4-B550-05024FCFE07D}.Debug|x86.Build.0 = Debug|Win32
		{C3A61146-DBD4-42A4-B550-05024FCFE07D}.Release|x64.ActiveCfg = Release|x64
		{C3A61146-DBD4-42A4-B550-05024FCFE07D}.Release|x64.Build.0 = Release|x64
		{C3A61146-DBD4-42A4-B550-05024FCFE07D}.Release|x86.ActiveCfg = Release|Win32
		{C3A61146-DBD4-42A4-B550-05024FCFE07D}.Release|x86.Build.0 = Release|Win32
	EndGlobalSection
	GlobalSection(SolutionProperties) = preSolution
		HideSolutionNode = FALSE
	EndGlobalSection
	GlobalSection(ExtensibilityGlobals) = postSolution
		SolutionGuid = {591F1896-7299-48B0-886A-F27A31D7A642}
	EndGlobalSection
EndGlobal
