
Microsoft Visual Studio Solution File, Format Version 12.00
# Visual Studio 15
VisualStudioVersion = 15.0.28307.136
MinimumVisualStudioVersion = 10.0.40219.1
Project("{8BC9CEB8-8B4A-11D0-8D11-00A0C91BC942}") = "GizemGuler1", "GizemGuler\GizemGuler.vcxproj", "{078068A7-2E06-4F41-855A-8A7E29CC8F59}"
EndProject
Project("{8BC9CEB8-8B4A-11D0-8D11-00A0C91BC942}") = "GizemGuler2", "GizemGuler2\GizemGuler2.vcxproj", "{BBD78F2C-1C84-45F9-89A9-A7D79054F657}"
EndProject
Project("{8BC9CEB8-8B4A-11D0-8D11-00A0C91BC942}") = "UgurInalwithArray", "UgurInalwithArray\UgurInalwithArray.vcxproj", "{AB4550E1-DA53-43FD-A0B1-4EEF5001B0D3}"
EndProject
Project("{8BC9CEB8-8B4A-11D0-8D11-00A0C91BC942}") = "UgurInalwithLL", "UgurInalwithLL\UgurInalwithLL.vcxproj", "{EA2BB5FD-09D1-4A00-92AA-0E9DBA64840B}"
EndProject
Project("{8BC9CEB8-8B4A-11D0-8D11-00A0C91BC942}") = "SamiHeybet", "SamiHeybet\SamiHeybet.vcxproj", "{A538D7E8-E097-43A7-9D67-925CB23E5D35}"
EndProject
Project("{8BC9CEB8-8B4A-11D0-8D11-00A0C91BC942}") = "EnesBerkeInal", "EnesBerkeInal\EnesBerkeInal.vcxproj", "{7BE95DC8-6715-405C-845A-10F99A73EED5}"
EndProject
Global
	GlobalSection(SolutionConfigurationPlatforms) = preSolution
		Debug|x64 = Debug|x64
		Debug|x86 = Debug|x86
		Release|x64 = Release|x64
		Release|x86 = Release|x86
	EndGlobalSection
	GlobalSection(ProjectConfigurationPlatforms) = postSolution
		{078068A7-2E06-4F41-855A-8A7E29CC8F59}.Debug|x64.ActiveCfg = Debug|x64
		{078068A7-2E06-4F41-855A-8A7E29CC8F59}.Debug|x64.Build.0 = Debug|x64
		{078068A7-2E06-4F41-855A-8A7E29CC8F59}.Debug|x86.ActiveCfg = Debug|Win32
		{078068A7-2E06-4F41-855A-8A7E29CC8F59}.Debug|x86.Build.0 = Debug|Win32
		{078068A7-2E06-4F41-855A-8A7E29CC8F59}.Release|x64.ActiveCfg = Release|x64
		{078068A7-2E06-4F41-855A-8A7E29CC8F59}.Release|x64.Build.0 = Release|x64
		{078068A7-2E06-4F41-855A-8A7E29CC8F59}.Release|x86.ActiveCfg = Release|Win32
		{078068A7-2E06-4F41-855A-8A7E29CC8F59}.Release|x86.Build.0 = Release|Win32
		{BBD78F2C-1C84-45F9-89A9-A7D79054F657}.Debug|x64.ActiveCfg = Debug|x64
		{BBD78F2C-1C84-45F9-89A9-A7D79054F657}.Debug|x64.Build.0 = Debug|x64
		{BBD78F2C-1C84-45F9-89A9-A7D79054F657}.Debug|x86.ActiveCfg = Debug|Win32
		{BBD78F2C-1C84-45F9-89A9-A7D79054F657}.Debug|x86.Build.0 = Debug|Win32
		{BBD78F2C-1C84-45F9-89A9-A7D79054F657}.Release|x64.ActiveCfg = Release|x64
		{BBD78F2C-1C84-45F9-89A9-A7D79054F657}.Release|x64.Build.0 = Release|x64
		{BBD78F2C-1C84-45F9-89A9-A7D79054F657}.Release|x86.ActiveCfg = Release|Win32
		{BBD78F2C-1C84-45F9-89A9-A7D79054F657}.Release|x86.Build.0 = Release|Win32
		{AB4550E1-DA53-43FD-A0B1-4EEF5001B0D3}.Debug|x64.ActiveCfg = Debug|x64
		{AB4550E1-DA53-43FD-A0B1-4EEF5001B0D3}.Debug|x64.Build.0 = Debug|x64
		{AB4550E1-DA53-43FD-A0B1-4EEF5001B0D3}.Debug|x86.ActiveCfg = Debug|Win32
		{AB4550E1-DA53-43FD-A0B1-4EEF5001B0D3}.Debug|x86.Build.0 = Debug|Win32
		{AB4550E1-DA53-43FD-A0B1-4EEF5001B0D3}.Release|x64.ActiveCfg = Release|x64
		{AB4550E1-DA53-43FD-A0B1-4EEF5001B0D3}.Release|x64.Build.0 = Release|x64
		{AB4550E1-DA53-43FD-A0B1-4EEF5001B0D3}.Release|x86.ActiveCfg = Release|Win32
		{AB4550E1-DA53-43FD-A0B1-4EEF5001B0D3}.Release|x86.Build.0 = Release|Win32
		{EA2BB5FD-09D1-4A00-92AA-0E9DBA64840B}.Debug|x64.ActiveCfg = Debug|x64
		{EA2BB5FD-09D1-4A00-92AA-0E9DBA64840B}.Debug|x64.Build.0 = Debug|x64
		{EA2BB5FD-09D1-4A00-92AA-0E9DBA64840B}.Debug|x86.ActiveCfg = Debug|Win32
		{EA2BB5FD-09D1-4A00-92AA-0E9DBA64840B}.Debug|x86.Build.0 = Debug|Win32
		{EA2BB5FD-09D1-4A00-92AA-0E9DBA64840B}.Release|x64.ActiveCfg = Release|x64
		{EA2BB5FD-09D1-4A00-92AA-0E9DBA64840B}.Release|x64.Build.0 = Release|x64
		{EA2BB5FD-09D1-4A00-92AA-0E9DBA64840B}.Release|x86.ActiveCfg = Release|Win32
		{EA2BB5FD-09D1-4A00-92AA-0E9DBA64840B}.Release|x86.Build.0 = Release|Win32
		{A538D7E8-E097-43A7-9D67-925CB23E5D35}.Debug|x64.ActiveCfg = Debug|x64
		{A538D7E8-E097-43A7-9D67-925CB23E5D35}.Debug|x64.Build.0 = Debug|x64
		{A538D7E8-E097-43A7-9D67-925CB23E5D35}.Debug|x86.ActiveCfg = Debug|Win32
		{A538D7E8-E097-43A7-9D67-925CB23E5D35}.Debug|x86.Build.0 = Debug|Win32
		{A538D7E8-E097-43A7-9D67-925CB23E5D35}.Release|x64.ActiveCfg = Release|x64
		{A538D7E8-E097-43A7-9D67-925CB23E5D35}.Release|x64.Build.0 = Release|x64
		{A538D7E8-E097-43A7-9D67-925CB23E5D35}.Release|x86.ActiveCfg = Release|Win32
		{A538D7E8-E097-43A7-9D67-925CB23E5D35}.Release|x86.Build.0 = Release|Win32
		{7BE95DC8-6715-405C-845A-10F99A73EED5}.Debug|x64.ActiveCfg = Debug|x64
		{7BE95DC8-6715-405C-845A-10F99A73EED5}.Debug|x64.Build.0 = Debug|x64
		{7BE95DC8-6715-405C-845A-10F99A73EED5}.Debug|x86.ActiveCfg = Debug|Win32
		{7BE95DC8-6715-405C-845A-10F99A73EED5}.Debug|x86.Build.0 = Debug|Win32
		{7BE95DC8-6715-405C-845A-10F99A73EED5}.Release|x64.ActiveCfg = Release|x64
		{7BE95DC8-6715-405C-845A-10F99A73EED5}.Release|x64.Build.0 = Release|x64
		{7BE95DC8-6715-405C-845A-10F99A73EED5}.Release|x86.ActiveCfg = Release|Win32
		{7BE95DC8-6715-405C-845A-10F99A73EED5}.Release|x86.Build.0 = Release|Win32
	EndGlobalSection
	GlobalSection(SolutionProperties) = preSolution
		HideSolutionNode = FALSE
	EndGlobalSection
	GlobalSection(ExtensibilityGlobals) = postSolution
		SolutionGuid = {591F1896-7299-48B0-886A-F27A31D7A642}
	EndGlobalSection
EndGlobal
